
Microsoft Visual Studio Solution File, Format Version 12.00
# Visual Studio Version 17
VisualStudioVersion = 17.8.34525.116
MinimumVisualStudioVersion = 10.0.40219.1
Project("{9A19103F-16F7-4668-BE54-9A1E7A4F7556}") = "WebAPI", "src\WebAPI\WebAPI.csproj", "{B14BDE5A-B4E7-4BA6-BF0C-1D671EC53C1D}"
EndProject
Project("{9A19103F-16F7-4668-BE54-9A1E7A4F7556}") = "Domain", "src\Domain\Domain.csproj", "{8141BD5A-25DF-4F13-A0C2-2032409E6EFC}"
EndProject
Project("{9A19103F-16F7-4668-BE54-9A1E7A4F7556}") = "Application", "src\Application\Application.csproj", "{60505467-5D30-44FC-98E9-2268705AC55A}"
EndProject
Project("{9A19103F-16F7-4668-BE54-9A1E7A4F7556}") = "Infrastructure", "src\Infrastructure\Infrastructure.csproj", "{D1314636-A5FB-4CC4-96F1-B2E5D97BCD6B}"
EndProject
Project("{FAE04EC0-301F-11D3-BF4B-00C04F79EFBC}") = "Persistence", "src\Persistence\Persistence.csproj", "{FE920283-1198-4D04-A980-879BE7FEA7CD}"
EndProject
Global
	GlobalSection(SolutionConfigurationPlatforms) = preSolution
		Debug|Any CPU = Debug|Any CPU
		Release|Any CPU = Release|Any CPU
	EndGlobalSection
	GlobalSection(ProjectConfigurationPlatforms) = postSolution
		{B14BDE5A-B4E7-4BA6-BF0C-1D671EC53C1D}.Debug|Any CPU.ActiveCfg = Debug|Any CPU
		{B14BDE5A-B4E7-4BA6-BF0C-1D671EC53C1D}.Debug|Any CPU.Build.0 = Debug|Any CPU
		{B14BDE5A-B4E7-4BA6-BF0C-1D671EC53C1D}.Release|Any CPU.ActiveCfg = Release|Any CPU
		{B14BDE5A-B4E7-4BA6-BF0C-1D671EC53C1D}.Release|Any CPU.Build.0 = Release|Any CPU
		{8141BD5A-25DF-4F13-A0C2-2032409E6EFC}.Debug|Any CPU.ActiveCfg = Debug|Any CPU
		{8141BD5A-25DF-4F13-A0C2-2032409E6EFC}.Debug|Any CPU.Build.0 = Debug|Any CPU
		{8141BD5A-25DF-4F13-A0C2-2032409E6EFC}.Release|Any CPU.ActiveCfg = Release|Any CPU
		{8141BD5A-25DF-4F13-A0C2-2032409E6EFC}.Release|Any CPU.Build.0 = Release|Any CPU
		{60505467-5D30-44FC-98E9-2268705AC55A}.Debug|Any CPU.ActiveCfg = Debug|Any CPU
		{60505467-5D30-44FC-98E9-2268705AC55A}.Debug|Any CPU.Build.0 = Debug|Any CPU
		{60505467-5D30-44FC-98E9-2268705AC55A}.Release|Any CPU.ActiveCfg = Release|Any CPU
		{60505467-5D30-44FC-98E9-2268705AC55A}.Release|Any CPU.Build.0 = Release|Any CPU
		{D1314636-A5FB-4CC4-96F1-B2E5D97BCD6B}.Debug|Any CPU.ActiveCfg = Debug|Any CPU
		{D1314636-A5FB-4CC4-96F1-B2E5D97BCD6B}.Debug|Any CPU.Build.0 = Debug|Any CPU
		{D1314636-A5FB-4CC4-96F1-B2E5D97BCD6B}.Release|Any CPU.ActiveCfg = Release|Any CPU
		{D1314636-A5FB-4CC4-96F1-B2E5D97BCD6B}.Release|Any CPU.Build.0 = Release|Any CPU
		{FE920283-1198-4D04-A980-879BE7FEA7CD}.Debug|Any CPU.ActiveCfg = Debug|Any CPU
		{FE920283-1198-4D04-A980-879BE7FEA7CD}.Debug|Any CPU.Build.0 = Debug|Any CPU
		{FE920283-1198-4D04-A980-879BE7FEA7CD}.Release|Any CPU.ActiveCfg = Release|Any CPU
		{FE920283-1198-4D04-A980-879BE7FEA7CD}.Release|Any CPU.Build.0 = Release|Any CPU
	EndGlobalSection
	GlobalSection(SolutionProperties) = preSolution
		HideSolutionNode = FALSE
	EndGlobalSection
	GlobalSection(ExtensibilityGlobals) = postSolution
		SolutionGuid = {611FF447-D3DA-476F-9BED-1AA0C4C364FC}
	EndGlobalSection
EndGlobal
